{
  "version": 1,
  "dependencies": {
    "native,Version=v0.0": {
      "CDebug": {
        "type": "Direct",
        "requested": "[0.0.3, 0.0.3]",
        "resolved": "0.0.3",
        "contentHash": "C6pojNJ2rdJuOdhe0xhJ/FedNLRJkpCVLEEHsfgoU5d5kkOOVKK+7xlGWYgttB51nDB5dLDu/O8j03jSxu81oA=="
      },
      "Microsoft.Windows.CppWinRT": {
        "type": "Direct",
        "requested": "[2.0.210312.4, 2.0.210312.4]",
        "resolved": "2.0.210312.4",
        "contentHash": "uRxz7Z8Scm7A2JjaaxCzQWTMrQC9RvXYhb7RU8pSqGo/0i0aPJszUeA3N6EhcJU5+FsDr2xzk2iln0x2Lwa6AA=="
      },
      "Microsoft.UI.Xaml": {
        "type": "Direct",
        "requested": "[2.8.0, 2.8.0]",
        "resolved": "2.8.0",
        "contentHash": "vxdHxTr63s5KVtNddMFpgvjBjUH50z7seq/5jLWmmSuf8poxg+sXrywkofUdE8ZstbpO9y3FL/IXXUcPYbeesA=="
      }
    }
  }
}